// !$*UTF8*$!
{
	archiveVersion = 1;
	classes = {
	};
	objectVersion = 56;
	objects = {

/* Begin PBXBuildFile section */
		045EC3CA29FC9DC900256E43 /* AppDelegate.swift in Sources */ = {isa = PBXBuildFile; fileRef = 045EC3C929FC9DC900256E43 /* AppDelegate.swift */; };
		045EC3CC29FC9DCA00256E43 /* Assets.xcassets in Resources */ = {isa = PBXBuildFile; fileRef = 045EC3CB29FC9DCA00256E43 /* Assets.xcassets */; };
		045EC3CF29FC9DCA00256E43 /* MainMenu.xib in Resources */ = {isa = PBXBuildFile; fileRef = 045EC3CD29FC9DCA00256E43 /* MainMenu.xib */; };
		045EC3DA29FCA62400256E43 /* FolderManageViewController.swift in Sources */ = {isa = PBXBuildFile; fileRef = 045EC3D829FCA62400256E43 /* FolderManageViewController.swift */; };
		045EC3DB29FCA62400256E43 /* FolderManageViewController.xib in Resources */ = {isa = PBXBuildFile; fileRef = 045EC3D929FCA62400256E43 /* FolderManageViewController.xib */; };
		045EC3DE29FCA94D00256E43 /* CheckExtensionViewController.swift in Sources */ = {isa = PBXBuildFile; fileRef = 045EC3DC29FCA94D00256E43 /* CheckExtensionViewController.swift */; };
		045EC3DF29FCA94D00256E43 /* CheckExtensionViewController.xib in Resources */ = {isa = PBXBuildFile; fileRef = 045EC3DD29FCA94D00256E43 /* CheckExtensionViewController.xib */; };
/* End PBXBuildFile section */

/* Begin PBXFileReference section */
		045EC3C629FC9DC900256E43 /* FileAuditSystem.app */ = {isa = PBXFileReference; explicitFileType = wrapper.application; includeInIndex = 0; path = FileAuditSystem.app; sourceTree = BUILT_PRODUCTS_DIR; };
		045EC3C929FC9DC900256E43 /* AppDelegate.swift */ = {isa = PBXFileReference; lastKnownFileType = sourcecode.swift; path = AppDelegate.swift; sourceTree = "<group>"; };
		045EC3CB29FC9DCA00256E43 /* Assets.xcassets */ = {isa = PBXFileReference; lastKnownFileType = folder.assetcatalog; path = Assets.xcassets; sourceTree = "<group>"; };
		045EC3CE29FC9DCA00256E43 /* Base */ = {isa = PBXFileReference; lastKnownFileType = file.xib; name = Base; path = Base.lproj/MainMenu.xib; sourceTree = "<group>"; };
		045EC3D029FC9DCA00256E43 /* FileAuditSystem.entitlements */ = {isa = PBXFileReference; lastKnownFileType = text.plist.entitlements; path = FileAuditSystem.entitlements; sourceTree = "<group>"; };
		045EC3D829FCA62400256E43 /* FolderManageViewController.swift */ = {isa = PBXFileReference; lastKnownFileType = sourcecode.swift; path = FolderManageViewController.swift; sourceTree = "<group>"; };
		045EC3D929FCA62400256E43 /* FolderManageViewController.xib */ = {isa = PBXFileReference; lastKnownFileType = file.xib; path = FolderManageViewController.xib; sourceTree = "<group>"; };
		045EC3DC29FCA94D00256E43 /* CheckExtensionViewController.swift */ = {isa = PBXFileReference; lastKnownFileType = sourcecode.swift; path = CheckExtensionViewController.swift; sourceTree = "<group>"; };
		045EC3DD29FCA94D00256E43 /* CheckExtensionViewController.xib */ = {isa = PBXFileReference; lastKnownFileType = file.xib; path = CheckExtensionViewController.xib; sourceTree = "<group>"; };
/* End PBXFileReference section */

/* Begin PBXFrameworksBuildPhase section */
		045EC3C329FC9DC900256E43 /* Frameworks */ = {
			isa = PBXFrameworksBuildPhase;
			buildActionMask = 2147483647;
			files = (
			);
			runOnlyForDeploymentPostprocessing = 0;
		};
/* End PBXFrameworksBuildPhase section */

/* Begin PBXGroup section */
		045EC3BD29FC9DC900256E43 = {
			isa = PBXGroup;
			children = (
				045EC3C829FC9DC900256E43 /* FileAuditSystem */,
				045EC3C729FC9DC900256E43 /* Products */,
			);
			sourceTree = "<group>";
		};
		045EC3C729FC9DC900256E43 /* Products */ = {
			isa = PBXGroup;
			children = (
				045EC3C629FC9DC900256E43 /* FileAuditSystem.app */,
			);
			name = Products;
			sourceTree = "<group>";
		};
		045EC3C829FC9DC900256E43 /* FileAuditSystem */ = {
			isa = PBXGroup;
			children = (
				045EC3C929FC9DC900256E43 /* AppDelegate.swift */,
				045EC3CB29FC9DCA00256E43 /* Assets.xcassets */,
				045EC3CD29FC9DCA00256E43 /* MainMenu.xib */,
				045EC3D029FC9DCA00256E43 /* FileAuditSystem.entitlements */,
				045EC3D829FCA62400256E43 /* FolderManageViewController.swift */,
				045EC3D929FCA62400256E43 /* FolderManageViewController.xib */,
				045EC3DC29FCA94D00256E43 /* CheckExtensionViewController.swift */,
				045EC3DD29FCA94D00256E43 /* CheckExtensionViewController.xib */,
			);
			path = FileAuditSystem;
			sourceTree = "<group>";
		};
/* End PBXGroup section */

/* Begin PBXNativeTarget section */
		045EC3C529FC9DC900256E43 /* FileAuditSystem */ = {
			isa = PBXNativeTarget;
			buildConfigurationList = 045EC3D329FC9DCA00256E43 /* Build configuration list for PBXNativeTarget "FileAuditSystem" */;
			buildPhases = (
				045EC3C229FC9DC900256E43 /* Sources */,
				045EC3C329FC9DC900256E43 /* Frameworks */,
				045EC3C429FC9DC900256E43 /* Resources */,
			);
			buildRules = (
			);
			dependencies = (
			);
			name = FileAuditSystem;
			productName = FileAuditSystem;
			productReference = 045EC3C629FC9DC900256E43 /* FileAuditSystem.app */;
			productType = "com.apple.product-type.application";
		};
/* End PBXNativeTarget section */

/* Begin PBXProject section */
		045EC3BE29FC9DC900256E43 /* Project object */ = {
			isa = PBXProject;
			attributes = {
				BuildIndependentTargetsInParallel = 1;
				LastSwiftUpdateCheck = 1430;
				LastUpgradeCheck = 1430;
				TargetAttributes = {
					045EC3C529FC9DC900256E43 = {
						CreatedOnToolsVersion = 14.3;
					};
				};
			};
			buildConfigurationList = 045EC3C129FC9DC900256E43 /* Build configuration list for PBXProject "FileAuditSystem" */;
			compatibilityVersion = "Xcode 14.0";
			developmentRegion = en;
			hasScannedForEncodings = 0;
			knownRegions = (
				en,
				Base,
			);
			mainGroup = 045EC3BD29FC9DC900256E43;
			productRefGroup = 045EC3C729FC9DC900256E43 /* Products */;
			projectDirPath = "";
			projectRoot = "";
			targets = (
				045EC3C529FC9DC900256E43 /* FileAuditSystem */,
			);
		};
/* End PBXProject section */

/* Begin PBXResourcesBuildPhase section */
		045EC3C429FC9DC900256E43 /* Resources */ = {
			isa = PBXResourcesBuildPhase;
			buildActionMask = 2147483647;
			files = (
				045EC3DB29FCA62400256E43 /* FolderManageViewController.xib in Resources */,
				045EC3CC29FC9DCA00256E43 /* Assets.xcassets in Resources */,
				045EC3DF29FCA94D00256E43 /* CheckExtensionViewController.xib in Resources */,
				045EC3CF29FC9DCA00256E43 /* MainMenu.xib in Resources */,
			);
			runOnlyForDeploymentPostprocessing = 0;
		};
/* End PBXResourcesBuildPhase section */

/* Begin PBXSourcesBuildPhase section */
		045EC3C229FC9DC900256E43 /* Sources */ = {
			isa = PBXSourcesBuildPhase;
			buildActionMask = 2147483647;
			files = (
				045EC3DE29FCA94D00256E43 /* CheckExtensionViewController.swift in Sources */,
				045EC3CA29FC9DC900256E43 /* AppDelegate.swift in Sources */,
				045EC3DA29FCA62400256E43 /* FolderManageViewController.swift in Sources */,
			);
			runOnlyForDeploymentPostprocessing = 0;
		};
/* End PBXSourcesBuildPhase section */

/* Begin PBXVariantGroup section */
		045EC3CD29FC9DCA00256E43 /* MainMenu.xib */ = {
			isa = PBXVariantGroup;
			children = (
				045EC3CE29FC9DCA00256E43 /* Base */,
			);
			name = MainMenu.xib;
			sourceTree = "<group>";
		};
/* End PBXVariantGroup section */

/* Begin XCBuildConfiguration section */
		045EC3D129FC9DCA00256E43 /* Debug */ = {
			isa = XCBuildConfiguration;
			buildSettings = {
				ALWAYS_SEARCH_USER_PATHS = NO;
				CLANG_ANALYZER_NONNULL = YES;
				CLANG_ANALYZER_NUMBER_OBJECT_CONVERSION = YES_AGGRESSIVE;
				CLANG_CXX_LANGUAGE_STANDARD = "gnu++20";
				CLANG_ENABLE_MODULES = YES;
				CLANG_ENABLE_OBJC_ARC = YES;
				CLANG_ENABLE_OBJC_WEAK = YES;
				CLANG_WARN_BLOCK_CAPTURE_AUTORELEASING = YES;
				CLANG_WARN_BOOL_CONVERSION = YES;
				CLANG_WARN_COMMA = YES;
				CLANG_WARN_CONSTANT_CONVERSION = YES;
				CLANG_WARN_DEPRECATED_OBJC_IMPLEMENTATIONS = YES;
				CLANG_WARN_DIRECT_OBJC_ISA_USAGE = YES_ERROR;
				CLANG_WARN_DOCUMENTATION_COMMENTS = YES;
				CLANG_WARN_EMPTY_BODY = YES;
				CLANG_WARN_ENUM_CONVERSION = YES;
				CLANG_WARN_INFINITE_RECURSION = YES;
				CLANG_WARN_INT_CONVERSION = YES;
				CLANG_WARN_NON_LITERAL_NULL_CONVERSION = YES;
				CLANG_WARN_OBJC_IMPLICIT_RETAIN_SELF = YES;
				CLANG_WARN_OBJC_LITERAL_CONVERSION = YES;
				CLANG_WARN_OBJC_ROOT_CLASS = YES_ERROR;
				CLANG_WARN_QUOTED_INCLUDE_IN_FRAMEWORK_HEADER = YES;
				CLANG_WARN_RANGE_LOOP_ANALYSIS = YES;
				CLANG_WARN_STRICT_PROTOTYPES = YES;
				CLANG_WARN_SUSPICIOUS_MOVE = YES;
				CLANG_WARN_UNGUARDED_AVAILABILITY = YES_AGGRESSIVE;
				CLANG_WARN_UNREACHABLE_CODE = YES;
				CLANG_WARN__DUPLICATE_METHOD_MATCH = YES;
				COPY_PHASE_STRIP = NO;
				DEBUG_INFORMATION_FORMAT = dwarf;
				ENABLE_STRICT_OBJC_MSGSEND = YES;
				ENABLE_TESTABILITY = YES;
				GCC_C_LANGUAGE_STANDARD = gnu11;
				GCC_DYNAMIC_NO_PIC = NO;
				GCC_NO_COMMON_BLOCKS = YES;
				GCC_OPTIMIZATION_LEVEL = 0;
				GCC_PREPROCESSOR_DEFINITIONS = (
					"DEBUG=1",
					"$(inherited)",
				);
				GCC_WARN_64_TO_32_BIT_CONVERSION = YES;
				GCC_WARN_ABOUT_RETURN_TYPE = YES_ERROR;
				GCC_WARN_UNDECLARED_SELECTOR = YES;
				GCC_WARN_UNINITIALIZED_AUTOS = YES_AGGRESSIVE;
				GCC_WARN_UNUSED_FUNCTION = YES;
				GCC_WARN_UNUSED_VARIABLE = YES;
				MACOSX_DEPLOYMENT_TARGET = 10.15;
				MTL_ENABLE_DEBUG_INFO = INCLUDE_SOURCE;
				MTL_FAST_MATH = YES;
				ONLY_ACTIVE_ARCH = YES;
				SDKROOT = macosx;
				SWIFT_ACTIVE_COMPILATION_CONDITIONS = DEBUG;
				SWIFT_OPTIMIZATION_LEVEL = "-Onone";
			};
			name = Debug;
		};
		045EC3D229FC9DCA00256E43 /* Release */ = {
			isa = XCBuildConfiguration;
			buildSettings = {
				ALWAYS_SEARCH_USER_PATHS = NO;
				CLANG_ANALYZER_NONNULL = YES;
				CLANG_ANALYZER_NUMBER_OBJECT_CONVERSION = YES_AGGRESSIVE;
				CLANG_CXX_LANGUAGE_STANDARD = "gnu++20";
				CLANG_ENABLE_MODULES = YES;
				CLANG_ENABLE_OBJC_ARC = YES;
				CLANG_ENABLE_OBJC_WEAK = YES;
				CLANG_WARN_BLOCK_CAPTURE_AUTORELEASING = YES;
				CLANG_WARN_BOOL_CONVERSION = YES;
				CLANG_WARN_COMMA = YES;
				CLANG_WARN_CONSTANT_CONVERSION = YES;
				CLANG_WARN_DEPRECATED_OBJC_IMPLEMENTATIONS = YES;
				CLANG_WARN_DIRECT_OBJC_ISA_USAGE = YES_ERROR;
				CLANG_WARN_DOCUMENTATION_COMMENTS = YES;
				CLANG_WARN_EMPTY_BODY = YES;
				CLANG_WARN_ENUM_CONVERSION = YES;
				CLANG_WARN_INFINITE_RECURSION = YES;
				CLANG_WARN_INT_CONVERSION = YES;
				CLANG_WARN_NON_LITERAL_NULL_CONVERSION = YES;
				CLANG_WARN_OBJC_IMPLICIT_RETAIN_SELF = YES;
				CLANG_WARN_OBJC_LITERAL_CONVERSION = YES;
				CLANG_WARN_OBJC_ROOT_CLASS = YES_ERROR;
				CLANG_WARN_QUOTED_INCLUDE_IN_FRAMEWORK_HEADER = YES;
				CLANG_WARN_RANGE_LOOP_ANALYSIS = YES;
				CLANG_WARN_STRICT_PROTOTYPES = YES;
				CLANG_WARN_SUSPICIOUS_MOVE = YES;
				CLANG_WARN_UNGUARDED_AVAILABILITY = YES_AGGRESSIVE;
				CLANG_WARN_UNREACHABLE_CODE = YES;
				CLANG_WARN__DUPLICATE_METHOD_MATCH = YES;
				COPY_PHASE_STRIP = NO;
				DEBUG_INFORMATION_FORMAT = "dwarf-with-dsym";
				ENABLE_NS_ASSERTIONS = NO;
				ENABLE_STRICT_OBJC_MSGSEND = YES;
				GCC_C_LANGUAGE_STANDARD = gnu11;
				GCC_NO_COMMON_BLOCKS = YES;
				GCC_WARN_64_TO_32_BIT_CONVERSION = YES;
				GCC_WARN_ABOUT_RETURN_TYPE = YES_ERROR;
				GCC_WARN_UNDECLARED_SELECTOR = YES;
				GCC_WARN_UNINITIALIZED_AUTOS = YES_AGGRESSIVE;
				GCC_WARN_UNUSED_FUNCTION = YES;
				GCC_WARN_UNUSED_VARIABLE = YES;
				MACOSX_DEPLOYMENT_TARGET = 10.15;
				MTL_ENABLE_DEBUG_INFO = NO;
				MTL_FAST_MATH = YES;
				SDKROOT = macosx;
				SWIFT_COMPILATION_MODE = wholemodule;
				SWIFT_OPTIMIZATION_LEVEL = "-O";
			};
			name = Release;
		};
		045EC3D429FC9DCA00256E43 /* Debug */ = {
			isa = XCBuildConfiguration;
			buildSettings = {
				ASSETCATALOG_COMPILER_APPICON_NAME = AppIcon;
				ASSETCATALOG_COMPILER_GLOBAL_ACCENT_COLOR_NAME = AccentColor;
				CODE_SIGN_ENTITLEMENTS = FileAuditSystem/FileAuditSystem.entitlements;
				CODE_SIGN_STYLE = Automatic;
				COMBINE_HIDPI_IMAGES = YES;
				CURRENT_PROJECT_VERSION = 1;
				DEVELOPMENT_TEAM = NXDQ3VB6JD;
				GENERATE_INFOPLIST_FILE = YES;
				INFOPLIST_KEY_NSHumanReadableCopyright = "";
				INFOPLIST_KEY_NSMainNibFile = MainMenu;
				INFOPLIST_KEY_NSPrincipalClass = NSApplication;
				LD_RUNPATH_SEARCH_PATHS = (
					"$(inherited)",
					"@executable_path/../Frameworks",
				);
				MARKETING_VERSION = 1.0;
				PRODUCT_BUNDLE_IDENTIFIER = com.anoop.FileAuditSystem;
				PRODUCT_NAME = "$(TARGET_NAME)";
				SWIFT_EMIT_LOC_STRINGS = YES;
				SWIFT_VERSION = 5.0;
			};
			name = Debug;
		};
		045EC3D529FC9DCA00256E43 /* Release */ = {
			isa = XCBuildConfiguration;
			buildSettings = {
				ASSETCATALOG_COMPILER_APPICON_NAME = AppIcon;
				ASSETCATALOG_COMPILER_GLOBAL_ACCENT_COLOR_NAME = AccentColor;
				CODE_SIGN_ENTITLEMENTS = FileAuditSystem/FileAuditSystem.entitlements;
				CODE_SIGN_STYLE = Automatic;
				COMBINE_HIDPI_IMAGES = YES;
				CURRENT_PROJECT_VERSION = 1;
				DEVELOPMENT_TEAM = NXDQ3VB6JD;
				GENERATE_INFOPLIST_FILE = YES;
				INFOPLIST_KEY_NSHumanReadableCopyright = "";
				INFOPLIST_KEY_NSMainNibFile = MainMenu;
				INFOPLIST_KEY_NSPrincipalClass = NSApplication;
				LD_RUNPATH_SEARCH_PATHS = (
					"$(inherited)",
					"@executable_path/../Frameworks",
				);
				MARKETING_VERSION = 1.0;
				PRODUCT_BUNDLE_IDENTIFIER = com.anoop.FileAuditSystem;
				PRODUCT_NAME = "$(TARGET_NAME)";
				SWIFT_EMIT_LOC_STRINGS = YES;
				SWIFT_VERSION = 5.0;
			};
			name = Release;
		};
/* End XCBuildConfiguration section */

/* Begin XCConfigurationList section */
		045EC3C129FC9DC900256E43 /* Build configuration list for PBXProject "FileAuditSystem" */ = {
			isa = XCConfigurationList;
			buildConfigurations = (
				045EC3D129FC9DCA00256E43 /* Debug */,
				045EC3D229FC9DCA00256E43 /* Release */,
			);
			defaultConfigurationIsVisible = 0;
			defaultConfigurationName = Release;
		};
		045EC3D329FC9DCA00256E43 /* Build configuration list for PBXNativeTarget "FileAuditSystem" */ = {
			isa = XCConfigurationList;
			buildConfigurations = (
				045EC3D429FC9DCA00256E43 /* Debug */,
				045EC3D529FC9DCA00256E43 /* Release */,
			);
			defaultConfigurationIsVisible = 0;
			defaultConfigurationName = Release;
		};
/* End XCConfigurationList section */
	};
	rootObject = 045EC3BE29FC9DC900256E43 /* Project object */;
}
